
Microsoft Visual Studio Solution File, Format Version 12.00
# Visual Studio Version 17
VisualStudioVersion = 17.5.33516.290
MinimumVisualStudioVersion = 10.0.40219.1
Project("{FAE04EC0-301F-11D3-BF4B-00C04F79EFBC}") = "demo app", "demo app\demo app.csproj", "{78BC0BC7-4C0C-43BC-992A-E1E751A91D89}"
EndProject
Global
	GlobalSection(SolutionConfigurationPlatforms) = preSolution
		Debug|Any CPU = Debug|Any CPU
		Release|Any CPU = Release|Any CPU
	EndGlobalSection
	GlobalSection(ProjectConfigurationPlatforms) = postSolution
		{78BC0BC7-4C0C-43BC-992A-E1E751A91D89}.Debug|Any CPU.ActiveCfg = Debug|Any CPU
		{78BC0BC7-4C0C-43BC-992A-E1E751A91D89}.Debug|Any CPU.Build.0 = Debug|Any CPU
		{78BC0BC7-4C0C-43BC-992A-E1E751A91D89}.Release|Any CPU.ActiveCfg = Release|Any CPU
		{78BC0BC7-4C0C-43BC-992A-E1E751A91D89}.Release|Any CPU.Build.0 = Release|Any CPU
	EndGlobalSection
	GlobalSection(SolutionProperties) = preSolution
		HideSolutionNode = FALSE
	EndGlobalSection
	GlobalSection(ExtensibilityGlobals) = postSolution
		SolutionGuid = {572099FC-68E7-4854-8529-D7672CBDD0CE}
	EndGlobalSection
EndGlobal
